
Microsoft Visual Studio Solution File, Format Version 12.00
# Visual Studio Version 16
VisualStudioVersion = 16.0.31229.75
MinimumVisualStudioVersion = 10.0.40219.1
Project("{FAE04EC0-301F-11D3-BF4B-00C04F79EFBC}") = "TaskManager", "TaskManager\TaskManager.csproj", "{9CCA7E94-F0AA-420E-8B33-884D90A6D7BF}"
EndProject
Global
	GlobalSection(SolutionConfigurationPlatforms) = preSolution
		Debug|Any CPU = Debug|Any CPU
		Release|Any CPU = Release|Any CPU
	EndGlobalSection
	GlobalSection(ProjectConfigurationPlatforms) = postSolution
		{9CCA7E94-F0AA-420E-8B33-884D90A6D7BF}.Debug|Any CPU.ActiveCfg = Debug|Any CPU
		{9CCA7E94-F0AA-420E-8B33-884D90A6D7BF}.Debug|Any CPU.Build.0 = Debug|Any CPU
		{9CCA7E94-F0AA-420E-8B33-884D90A6D7BF}.Release|Any CPU.ActiveCfg = Release|Any CPU
		{9CCA7E94-F0AA-420E-8B33-884D90A6D7BF}.Release|Any CPU.Build.0 = Release|Any CPU
	EndGlobalSection
	GlobalSection(SolutionProperties) = preSolution
		HideSolutionNode = FALSE
	EndGlobalSection
	GlobalSection(ExtensibilityGlobals) = postSolution
		SolutionGuid = {A6DC285C-021D-4A82-AC98-5CFBD8A04F25}
	EndGlobalSection
EndGlobal
